{
  "name": "trip-map-desktop",
  "version": "1.3.1",
  "lockfileVersion": 3,
  "requires": true,
  "packages": {
    "": {
      "name": "trip-map-desktop",
      "version": "1.3.1",
      "license": "MIT",
      "dependencies": {
        "electron-log": "^5.4.3"
      }
    },
    "node_modules/electron-log": {
      "version": "5.4.3",
      "resolved": "https://registry.npmmirror.com/electron-log/-/electron-log-5.4.3.tgz",
      "integrity": "sha512-sOUsM3LjZdugatazSQ/XTyNcw8dfvH1SYhXWiJyfYodAAKOZdHs0txPiLDXFzOZbhXgAgshQkshH2ccq0feyLQ==",
      "license": "MIT",
      "engines": {
        "node": ">= 14"
      }
    }
  }
}
